
Microsoft Visual Studio Solution File, Format Version 12.00
# Visual Studio Version 17
VisualStudioVersion = 17.4.33403.182
MinimumVisualStudioVersion = 10.0.40219.1
Project("{FAE04EC0-301F-11D3-BF4B-00C04F79EFBC}") = "Main", "Main\Main.csproj", "{65560226-03A2-422D-B755-C23D2058706E}"
EndProject
Project("{FAE04EC0-301F-11D3-BF4B-00C04F79EFBC}") = "DAL", "DAL\DAL.csproj", "{EDCC0386-873E-4FDD-82B6-A8FE7F802624}"
EndProject
Global
	GlobalSection(SolutionConfigurationPlatforms) = preSolution
		Debug|Any CPU = Debug|Any CPU
		Release|Any CPU = Release|Any CPU
	EndGlobalSection
	GlobalSection(ProjectConfigurationPlatforms) = postSolution
		{65560226-03A2-422D-B755-C23D2058706E}.Debug|Any CPU.ActiveCfg = Debug|Any CPU
		{65560226-03A2-422D-B755-C23D2058706E}.Debug|Any CPU.Build.0 = Debug|Any CPU
		{65560226-03A2-422D-B755-C23D2058706E}.Release|Any CPU.ActiveCfg = Release|Any CPU
		{65560226-03A2-422D-B755-C23D2058706E}.Release|Any CPU.Build.0 = Release|Any CPU
		{EDCC0386-873E-4FDD-82B6-A8FE7F802624}.Debug|Any CPU.ActiveCfg = Debug|Any CPU
		{EDCC0386-873E-4FDD-82B6-A8FE7F802624}.Debug|Any CPU.Build.0 = Debug|Any CPU
		{EDCC0386-873E-4FDD-82B6-A8FE7F802624}.Release|Any CPU.ActiveCfg = Release|Any CPU
		{EDCC0386-873E-4FDD-82B6-A8FE7F802624}.Release|Any CPU.Build.0 = Release|Any CPU
	EndGlobalSection
	GlobalSection(SolutionProperties) = preSolution
		HideSolutionNode = FALSE
	EndGlobalSection
	GlobalSection(ExtensibilityGlobals) = postSolution
		SolutionGuid = {820E833D-FCEB-422E-8E16-949B4B7CB31E}
	EndGlobalSection
EndGlobal
